
Microsoft Visual Studio Solution File, Format Version 12.00
Project("{FAE04EC0-301F-11D3-BF4B-00C04F79EFBC}") = "ClefViewer.API", "ClefViewer.API\ClefViewer.API.csproj", "{CA1ABD6D-4256-4342-A386-F68BB3637E45}"
EndProject
Global
	GlobalSection(SolutionConfigurationPlatforms) = preSolution
		Debug|Any CPU = Debug|Any CPU
		Release|Any CPU = Release|Any CPU
	EndGlobalSection
	GlobalSection(ProjectConfigurationPlatforms) = postSolution
		{CA1ABD6D-4256-4342-A386-F68BB3637E45}.Debug|Any CPU.ActiveCfg = Debug|Any CPU
		{CA1ABD6D-4256-4342-A386-F68BB3637E45}.Debug|Any CPU.Build.0 = Debug|Any CPU
		{CA1ABD6D-4256-4342-A386-F68BB3637E45}.Release|Any CPU.ActiveCfg = Release|Any CPU
		{CA1ABD6D-4256-4342-A386-F68BB3637E45}.Release|Any CPU.Build.0 = Release|Any CPU
	EndGlobalSection
EndGlobal
